// !$*UTF8*$!
{
	archiveVersion = 1;
	classes = {
	};
	objectVersion = 56;
	objects = {

/* Begin PBXBuildFile section */
		B73741732B74BC31007DF215 /* STWorkoutOne.swift in Sources */ = {isa = PBXBuildFile; fileRef = B73741722B74BC31007DF215 /* STWorkoutOne.swift */; };
		B73741772B74BC82007DF215 /* STWorkoutThree.swift in Sources */ = {isa = PBXBuildFile; fileRef = B73741762B74BC82007DF215 /* STWorkoutThree.swift */; };
		B75330B62B33B0AD00936632 /* WeightLiftingWorkoutView.swift in Sources */ = {isa = PBXBuildFile; fileRef = B75330B52B33B0AD00936632 /* WeightLiftingWorkoutView.swift */; };
		B75330B82B33B1ED00936632 /* CardioWorkoutView.swift in Sources */ = {isa = PBXBuildFile; fileRef = B75330B72B33B1ED00936632 /* CardioWorkoutView.swift */; };
		B75330BA2B33B29F00936632 /* WorkoutChooserView.swift in Sources */ = {isa = PBXBuildFile; fileRef = B75330B92B33B29F00936632 /* WorkoutChooserView.swift */; };
		B75330BE2B439B5B00936632 /* SettingsView.swift in Sources */ = {isa = PBXBuildFile; fileRef = B75330BD2B439B5B00936632 /* SettingsView.swift */; };
		B75330C02B439C4A00936632 /* MyProfileView.swift in Sources */ = {isa = PBXBuildFile; fileRef = B75330BF2B439C4A00936632 /* MyProfileView.swift */; };
		B75330C42B439D3B00936632 /* WorkoutRoutinesView.swift in Sources */ = {isa = PBXBuildFile; fileRef = B75330C32B439D3B00936632 /* WorkoutRoutinesView.swift */; };
		B75330C72B439E5400936632 /* SwiftUICharts in Frameworks */ = {isa = PBXBuildFile; productRef = B75330C62B439E5400936632 /* SwiftUICharts */; };
		B75330CD2B51F21300936632 /* MuscleBuildingWorkoutView.swift in Sources */ = {isa = PBXBuildFile; fileRef = B75330CC2B51F21300936632 /* MuscleBuildingWorkoutView.swift */; };
		B75330CF2B51F23600936632 /* FatLossWorkoutView.swift in Sources */ = {isa = PBXBuildFile; fileRef = B75330CE2B51F23600936632 /* FatLossWorkoutView.swift */; };
		B75330D12B51F25100936632 /* StrengthTrainingWorkoutView.swift in Sources */ = {isa = PBXBuildFile; fileRef = B75330D02B51F25100936632 /* StrengthTrainingWorkoutView.swift */; };
		B75330D42B51F3CA00936632 /* URLImage in Frameworks */ = {isa = PBXBuildFile; productRef = B75330D32B51F3CA00936632 /* URLImage */; };
		B75330D62B51F3CA00936632 /* URLImageStore in Frameworks */ = {isa = PBXBuildFile; productRef = B75330D52B51F3CA00936632 /* URLImageStore */; };
		B75330DD2B51F76300936632 /* MBWorkoutOne.swift in Sources */ = {isa = PBXBuildFile; fileRef = B75330DC2B51F76300936632 /* MBWorkoutOne.swift */; };
		B75330DF2B51FCC400936632 /* MBWorkoutTwo.swift in Sources */ = {isa = PBXBuildFile; fileRef = B75330DE2B51FCC400936632 /* MBWorkoutTwo.swift */; };
		B75330E12B54FFD500936632 /* MBWorkoutThree.swift in Sources */ = {isa = PBXBuildFile; fileRef = B75330E02B54FFD500936632 /* MBWorkoutThree.swift */; };
		B75D28692B290BD90066A748 /* FitnessAppApp.swift in Sources */ = {isa = PBXBuildFile; fileRef = B75D28682B290BD90066A748 /* FitnessAppApp.swift */; };
		B75D286B2B290BD90066A748 /* ContentView.swift in Sources */ = {isa = PBXBuildFile; fileRef = B75D286A2B290BD90066A748 /* ContentView.swift */; };
		B75D286D2B290BDB0066A748 /* Assets.xcassets in Resources */ = {isa = PBXBuildFile; fileRef = B75D286C2B290BDB0066A748 /* Assets.xcassets */; };
		B75D28702B290BDB0066A748 /* Preview Assets.xcassets in Resources */ = {isa = PBXBuildFile; fileRef = B75D286F2B290BDB0066A748 /* Preview Assets.xcassets */; };
		B771AE092B60A9E900A59A18 /* FLWorkoutOne.swift in Sources */ = {isa = PBXBuildFile; fileRef = B771AE082B60A9E900A59A18 /* FLWorkoutOne.swift */; };
		B771AE0B2B60A9F900A59A18 /* FLWorkoutTwo.swift in Sources */ = {isa = PBXBuildFile; fileRef = B771AE0A2B60A9F900A59A18 /* FLWorkoutTwo.swift */; };
		B771AE0E2B60AA1400A59A18 /* FLWorkoutThree.swift in Sources */ = {isa = PBXBuildFile; fileRef = B771AE0D2B60AA1400A59A18 /* FLWorkoutThree.swift */; };
		B77F3F2A2B2918EA00718AB6 /* HomeScreenView.swift in Sources */ = {isa = PBXBuildFile; fileRef = B77F3F292B2918EA00718AB6 /* HomeScreenView.swift */; };
		B77F3F2C2B2919DF00718AB6 /* CalisthenicsWorkoutView.swift in Sources */ = {isa = PBXBuildFile; fileRef = B77F3F2B2B2919DF00718AB6 /* CalisthenicsWorkoutView.swift */; };
		B77F3F2E2B29624800718AB6 /* DietLogView.swift in Sources */ = {isa = PBXBuildFile; fileRef = B77F3F2D2B29624800718AB6 /* DietLogView.swift */; };
		B77F3F312B2A7DA200718AB6 /* ActivityTrackerView.swift in Sources */ = {isa = PBXBuildFile; fileRef = B77F3F302B2A7DA200718AB6 /* ActivityTrackerView.swift */; };
		B7C08E012B85608B0059A3CE /* STTWorkoutTwo.swift in Sources */ = {isa = PBXBuildFile; fileRef = B7C08E002B85608B0059A3CE /* STTWorkoutTwo.swift */; };
/* End PBXBuildFile section */

/* Begin PBXFileReference section */
		B73741722B74BC31007DF215 /* STWorkoutOne.swift */ = {isa = PBXFileReference; lastKnownFileType = sourcecode.swift; path = STWorkoutOne.swift; sourceTree = "<group>"; };
		B73741762B74BC82007DF215 /* STWorkoutThree.swift */ = {isa = PBXFileReference; lastKnownFileType = sourcecode.swift; path = STWorkoutThree.swift; sourceTree = "<group>"; };
		B75330B52B33B0AD00936632 /* WeightLiftingWorkoutView.swift */ = {isa = PBXFileReference; lastKnownFileType = sourcecode.swift; path = WeightLiftingWorkoutView.swift; sourceTree = "<group>"; };
		B75330B72B33B1ED00936632 /* CardioWorkoutView.swift */ = {isa = PBXFileReference; lastKnownFileType = sourcecode.swift; path = CardioWorkoutView.swift; sourceTree = "<group>"; };
		B75330B92B33B29F00936632 /* WorkoutChooserView.swift */ = {isa = PBXFileReference; lastKnownFileType = sourcecode.swift; path = WorkoutChooserView.swift; sourceTree = "<group>"; };
		B75330BD2B439B5B00936632 /* SettingsView.swift */ = {isa = PBXFileReference; lastKnownFileType = sourcecode.swift; path = SettingsView.swift; sourceTree = "<group>"; };
		B75330BF2B439C4A00936632 /* MyProfileView.swift */ = {isa = PBXFileReference; lastKnownFileType = sourcecode.swift; path = MyProfileView.swift; sourceTree = "<group>"; };
		B75330C32B439D3B00936632 /* WorkoutRoutinesView.swift */ = {isa = PBXFileReference; lastKnownFileType = sourcecode.swift; path = WorkoutRoutinesView.swift; sourceTree = "<group>"; };
		B75330CC2B51F21300936632 /* MuscleBuildingWorkoutView.swift */ = {isa = PBXFileReference; lastKnownFileType = sourcecode.swift; path = MuscleBuildingWorkoutView.swift; sourceTree = "<group>"; };
		B75330CE2B51F23600936632 /* FatLossWorkoutView.swift */ = {isa = PBXFileReference; lastKnownFileType = sourcecode.swift; path = FatLossWorkoutView.swift; sourceTree = "<group>"; };
		B75330D02B51F25100936632 /* StrengthTrainingWorkoutView.swift */ = {isa = PBXFileReference; lastKnownFileType = sourcecode.swift; path = StrengthTrainingWorkoutView.swift; sourceTree = "<group>"; };
		B75330DC2B51F76300936632 /* MBWorkoutOne.swift */ = {isa = PBXFileReference; lastKnownFileType = sourcecode.swift; path = MBWorkoutOne.swift; sourceTree = "<group>"; };
		B75330DE2B51FCC400936632 /* MBWorkoutTwo.swift */ = {isa = PBXFileReference; lastKnownFileType = sourcecode.swift; path = MBWorkoutTwo.swift; sourceTree = "<group>"; };
		B75330E02B54FFD500936632 /* MBWorkoutThree.swift */ = {isa = PBXFileReference; lastKnownFileType = sourcecode.swift; path = MBWorkoutThree.swift; sourceTree = "<group>"; };
		B75D28652B290BD90066A748 /* FitnessApp.app */ = {isa = PBXFileReference; explicitFileType = wrapper.application; includeInIndex = 0; path = FitnessApp.app; sourceTree = BUILT_PRODUCTS_DIR; };
		B75D28682B290BD90066A748 /* FitnessAppApp.swift */ = {isa = PBXFileReference; lastKnownFileType = sourcecode.swift; path = FitnessAppApp.swift; sourceTree = "<group>"; };
		B75D286A2B290BD90066A748 /* ContentView.swift */ = {isa = PBXFileReference; lastKnownFileType = sourcecode.swift; path = ContentView.swift; sourceTree = "<group>"; };
		B75D286C2B290BDB0066A748 /* Assets.xcassets */ = {isa = PBXFileReference; lastKnownFileType = folder.assetcatalog; path = Assets.xcassets; sourceTree = "<group>"; };
		B75D286F2B290BDB0066A748 /* Preview Assets.xcassets */ = {isa = PBXFileReference; lastKnownFileType = folder.assetcatalog; path = "Preview Assets.xcassets"; sourceTree = "<group>"; };
		B771AE082B60A9E900A59A18 /* FLWorkoutOne.swift */ = {isa = PBXFileReference; lastKnownFileType = sourcecode.swift; path = FLWorkoutOne.swift; sourceTree = "<group>"; };
		B771AE0A2B60A9F900A59A18 /* FLWorkoutTwo.swift */ = {isa = PBXFileReference; lastKnownFileType = sourcecode.swift; path = FLWorkoutTwo.swift; sourceTree = "<group>"; };
		B771AE0D2B60AA1400A59A18 /* FLWorkoutThree.swift */ = {isa = PBXFileReference; lastKnownFileType = sourcecode.swift; path = FLWorkoutThree.swift; sourceTree = "<group>"; };
		B77F3F292B2918EA00718AB6 /* HomeScreenView.swift */ = {isa = PBXFileReference; lastKnownFileType = sourcecode.swift; path = HomeScreenView.swift; sourceTree = "<group>"; };
		B77F3F2B2B2919DF00718AB6 /* CalisthenicsWorkoutView.swift */ = {isa = PBXFileReference; lastKnownFileType = sourcecode.swift; path = CalisthenicsWorkoutView.swift; sourceTree = "<group>"; };
		B77F3F2D2B29624800718AB6 /* DietLogView.swift */ = {isa = PBXFileReference; lastKnownFileType = sourcecode.swift; path = DietLogView.swift; sourceTree = "<group>"; };
		B77F3F2F2B2A505C00718AB6 /* FitnessApp.entitlements */ = {isa = PBXFileReference; lastKnownFileType = text.plist.entitlements; path = FitnessApp.entitlements; sourceTree = "<group>"; };
		B77F3F302B2A7DA200718AB6 /* ActivityTrackerView.swift */ = {isa = PBXFileReference; lastKnownFileType = sourcecode.swift; path = ActivityTrackerView.swift; sourceTree = "<group>"; };
		B7C08E002B85608B0059A3CE /* STTWorkoutTwo.swift */ = {isa = PBXFileReference; lastKnownFileType = sourcecode.swift; path = STTWorkoutTwo.swift; sourceTree = "<group>"; };
/* End PBXFileReference section */

/* Begin PBXFrameworksBuildPhase section */
		B75D28622B290BD90066A748 /* Frameworks */ = {
			isa = PBXFrameworksBuildPhase;
			buildActionMask = 2147483647;
			files = (
				B75330D42B51F3CA00936632 /* URLImage in Frameworks */,
				B75330D62B51F3CA00936632 /* URLImageStore in Frameworks */,
				B75330C72B439E5400936632 /* SwiftUICharts in Frameworks */,
			);
			runOnlyForDeploymentPostprocessing = 0;
		};
/* End PBXFrameworksBuildPhase section */

/* Begin PBXGroup section */
		B75D285C2B290BD90066A748 = {
			isa = PBXGroup;
			children = (
				B75D28672B290BD90066A748 /* FitnessApp */,
				B75D28662B290BD90066A748 /* Products */,
			);
			sourceTree = "<group>";
		};
		B75D28662B290BD90066A748 /* Products */ = {
			isa = PBXGroup;
			children = (
				B75D28652B290BD90066A748 /* FitnessApp.app */,
			);
			name = Products;
			sourceTree = "<group>";
		};
		B75D28672B290BD90066A748 /* FitnessApp */ = {
			isa = PBXGroup;
			children = (
				B77F3F2F2B2A505C00718AB6 /* FitnessApp.entitlements */,
				B75D286E2B290BDB0066A748 /* Preview Content */,
				B75D28682B290BD90066A748 /* FitnessAppApp.swift */,
				B75D286A2B290BD90066A748 /* ContentView.swift */,
				B77F3F292B2918EA00718AB6 /* HomeScreenView.swift */,
				B77F3F2D2B29624800718AB6 /* DietLogView.swift */,
				B77F3F302B2A7DA200718AB6 /* ActivityTrackerView.swift */,
				B77F3F2B2B2919DF00718AB6 /* CalisthenicsWorkoutView.swift */,
				B75330B52B33B0AD00936632 /* WeightLiftingWorkoutView.swift */,
				B75330B72B33B1ED00936632 /* CardioWorkoutView.swift */,
				B75330B92B33B29F00936632 /* WorkoutChooserView.swift */,
				B75330BD2B439B5B00936632 /* SettingsView.swift */,
				B75330BF2B439C4A00936632 /* MyProfileView.swift */,
				B75330C32B439D3B00936632 /* WorkoutRoutinesView.swift */,
				B75330CC2B51F21300936632 /* MuscleBuildingWorkoutView.swift */,
				B75330DC2B51F76300936632 /* MBWorkoutOne.swift */,
				B75330DE2B51FCC400936632 /* MBWorkoutTwo.swift */,
				B75330E02B54FFD500936632 /* MBWorkoutThree.swift */,
				B75330CE2B51F23600936632 /* FatLossWorkoutView.swift */,
				B771AE082B60A9E900A59A18 /* FLWorkoutOne.swift */,
				B771AE0A2B60A9F900A59A18 /* FLWorkoutTwo.swift */,
				B771AE0D2B60AA1400A59A18 /* FLWorkoutThree.swift */,
				B75330D02B51F25100936632 /* StrengthTrainingWorkoutView.swift */,
				B73741722B74BC31007DF215 /* STWorkoutOne.swift */,
				B7C08E002B85608B0059A3CE /* STTWorkoutTwo.swift */,
				B73741762B74BC82007DF215 /* STWorkoutThree.swift */,
				B75D286C2B290BDB0066A748 /* Assets.xcassets */,
			);
			path = FitnessApp;
			sourceTree = "<group>";
		};
		B75D286E2B290BDB0066A748 /* Preview Content */ = {
			isa = PBXGroup;
			children = (
				B75D286F2B290BDB0066A748 /* Preview Assets.xcassets */,
			);
			path = "Preview Content";
			sourceTree = "<group>";
		};
/* End PBXGroup section */

/* Begin PBXNativeTarget section */
		B75D28642B290BD90066A748 /* FitnessApp */ = {
			isa = PBXNativeTarget;
			buildConfigurationList = B75D28732B290BDB0066A748 /* Build configuration list for PBXNativeTarget "FitnessApp" */;
			buildPhases = (
				B75D28612B290BD90066A748 /* Sources */,
				B75D28622B290BD90066A748 /* Frameworks */,
				B75D28632B290BD90066A748 /* Resources */,
			);
			buildRules = (
			);
			dependencies = (
			);
			name = FitnessApp;
			packageProductDependencies = (
				B75330C62B439E5400936632 /* SwiftUICharts */,
				B75330D32B51F3CA00936632 /* URLImage */,
				B75330D52B51F3CA00936632 /* URLImageStore */,
			);
			productName = FitnessApp;
			productReference = B75D28652B290BD90066A748 /* FitnessApp.app */;
			productType = "com.apple.product-type.application";
		};
/* End PBXNativeTarget section */

/* Begin PBXProject section */
		B75D285D2B290BD90066A748 /* Project object */ = {
			isa = PBXProject;
			attributes = {
				BuildIndependentTargetsInParallel = 1;
				LastSwiftUpdateCheck = 1430;
				LastUpgradeCheck = 1430;
				TargetAttributes = {
					B75D28642B290BD90066A748 = {
						CreatedOnToolsVersion = 14.3.1;
					};
				};
			};
			buildConfigurationList = B75D28602B290BD90066A748 /* Build configuration list for PBXProject "FitnessApp" */;
			compatibilityVersion = "Xcode 14.0";
			developmentRegion = en;
			hasScannedForEncodings = 0;
			knownRegions = (
				en,
				Base,
			);
			mainGroup = B75D285C2B290BD90066A748;
			packageReferences = (
				B75330C52B439E5400936632 /* XCRemoteSwiftPackageReference "ChartView" */,
				B75330D22B51F3CA00936632 /* XCRemoteSwiftPackageReference "url-image" */,
			);
			productRefGroup = B75D28662B290BD90066A748 /* Products */;
			projectDirPath = "";
			projectRoot = "";
			targets = (
				B75D28642B290BD90066A748 /* FitnessApp */,
			);
		};
/* End PBXProject section */

/* Begin PBXResourcesBuildPhase section */
		B75D28632B290BD90066A748 /* Resources */ = {
			isa = PBXResourcesBuildPhase;
			buildActionMask = 2147483647;
			files = (
				B75D28702B290BDB0066A748 /* Preview Assets.xcassets in Resources */,
				B75D286D2B290BDB0066A748 /* Assets.xcassets in Resources */,
			);
			runOnlyForDeploymentPostprocessing = 0;
		};
/* End PBXResourcesBuildPhase section */

/* Begin PBXSourcesBuildPhase section */
		B75D28612B290BD90066A748 /* Sources */ = {
			isa = PBXSourcesBuildPhase;
			buildActionMask = 2147483647;
			files = (
				B771AE0E2B60AA1400A59A18 /* FLWorkoutThree.swift in Sources */,
				B75330C42B439D3B00936632 /* WorkoutRoutinesView.swift in Sources */,
				B77F3F2A2B2918EA00718AB6 /* HomeScreenView.swift in Sources */,
				B77F3F2E2B29624800718AB6 /* DietLogView.swift in Sources */,
				B75330C02B439C4A00936632 /* MyProfileView.swift in Sources */,
				B7C08E012B85608B0059A3CE /* STTWorkoutTwo.swift in Sources */,
				B75330DF2B51FCC400936632 /* MBWorkoutTwo.swift in Sources */,
				B75330B82B33B1ED00936632 /* CardioWorkoutView.swift in Sources */,
				B73741772B74BC82007DF215 /* STWorkoutThree.swift in Sources */,
				B73741732B74BC31007DF215 /* STWorkoutOne.swift in Sources */,
				B75D286B2B290BD90066A748 /* ContentView.swift in Sources */,
				B771AE092B60A9E900A59A18 /* FLWorkoutOne.swift in Sources */,
				B75330DD2B51F76300936632 /* MBWorkoutOne.swift in Sources */,
				B75330D12B51F25100936632 /* StrengthTrainingWorkoutView.swift in Sources */,
				B75330BA2B33B29F00936632 /* WorkoutChooserView.swift in Sources */,
				B771AE0B2B60A9F900A59A18 /* FLWorkoutTwo.swift in Sources */,
				B75330BE2B439B5B00936632 /* SettingsView.swift in Sources */,
				B75330CD2B51F21300936632 /* MuscleBuildingWorkoutView.swift in Sources */,
				B77F3F2C2B2919DF00718AB6 /* CalisthenicsWorkoutView.swift in Sources */,
				B77F3F312B2A7DA200718AB6 /* ActivityTrackerView.swift in Sources */,
				B75330CF2B51F23600936632 /* FatLossWorkoutView.swift in Sources */,
				B75330B62B33B0AD00936632 /* WeightLiftingWorkoutView.swift in Sources */,
				B75330E12B54FFD500936632 /* MBWorkoutThree.swift in Sources */,
				B75D28692B290BD90066A748 /* FitnessAppApp.swift in Sources */,
			);
			runOnlyForDeploymentPostprocessing = 0;
		};
/* End PBXSourcesBuildPhase section */

/* Begin XCBuildConfiguration section */
		B75D28712B290BDB0066A748 /* Debug */ = {
			isa = XCBuildConfiguration;
			buildSettings = {
				ALWAYS_SEARCH_USER_PATHS = NO;
				CLANG_ANALYZER_NONNULL = YES;
				CLANG_ANALYZER_NUMBER_OBJECT_CONVERSION = YES_AGGRESSIVE;
				CLANG_CXX_LANGUAGE_STANDARD = "gnu++20";
				CLANG_ENABLE_MODULES = YES;
				CLANG_ENABLE_OBJC_ARC = YES;
				CLANG_ENABLE_OBJC_WEAK = YES;
				CLANG_WARN_BLOCK_CAPTURE_AUTORELEASING = YES;
				CLANG_WARN_BOOL_CONVERSION = YES;
				CLANG_WARN_COMMA = YES;
				CLANG_WARN_CONSTANT_CONVERSION = YES;
				CLANG_WARN_DEPRECATED_OBJC_IMPLEMENTATIONS = YES;
				CLANG_WARN_DIRECT_OBJC_ISA_USAGE = YES_ERROR;
				CLANG_WARN_DOCUMENTATION_COMMENTS = YES;
				CLANG_WARN_EMPTY_BODY = YES;
				CLANG_WARN_ENUM_CONVERSION = YES;
				CLANG_WARN_INFINITE_RECURSION = YES;
				CLANG_WARN_INT_CONVERSION = YES;
				CLANG_WARN_NON_LITERAL_NULL_CONVERSION = YES;
				CLANG_WARN_OBJC_IMPLICIT_RETAIN_SELF = YES;
				CLANG_WARN_OBJC_LITERAL_CONVERSION = YES;
				CLANG_WARN_OBJC_ROOT_CLASS = YES_ERROR;
				CLANG_WARN_QUOTED_INCLUDE_IN_FRAMEWORK_HEADER = YES;
				CLANG_WARN_RANGE_LOOP_ANALYSIS = YES;
				CLANG_WARN_STRICT_PROTOTYPES = YES;
				CLANG_WARN_SUSPICIOUS_MOVE = YES;
				CLANG_WARN_UNGUARDED_AVAILABILITY = YES_AGGRESSIVE;
				CLANG_WARN_UNREACHABLE_CODE = YES;
				CLANG_WARN__DUPLICATE_METHOD_MATCH = YES;
				COPY_PHASE_STRIP = NO;
				DEBUG_INFORMATION_FORMAT = dwarf;
				ENABLE_STRICT_OBJC_MSGSEND = YES;
				ENABLE_TESTABILITY = YES;
				GCC_C_LANGUAGE_STANDARD = gnu11;
				GCC_DYNAMIC_NO_PIC = NO;
				GCC_NO_COMMON_BLOCKS = YES;
				GCC_OPTIMIZATION_LEVEL = 0;
				GCC_PREPROCESSOR_DEFINITIONS = (
					"DEBUG=1",
					"$(inherited)",
				);
				GCC_WARN_64_TO_32_BIT_CONVERSION = YES;
				GCC_WARN_ABOUT_RETURN_TYPE = YES_ERROR;
				GCC_WARN_UNDECLARED_SELECTOR = YES;
				GCC_WARN_UNINITIALIZED_AUTOS = YES_AGGRESSIVE;
				GCC_WARN_UNUSED_FUNCTION = YES;
				GCC_WARN_UNUSED_VARIABLE = YES;
				IPHONEOS_DEPLOYMENT_TARGET = 16.4;
				MTL_ENABLE_DEBUG_INFO = INCLUDE_SOURCE;
				MTL_FAST_MATH = YES;
				ONLY_ACTIVE_ARCH = YES;
				SDKROOT = iphoneos;
				SWIFT_ACTIVE_COMPILATION_CONDITIONS = DEBUG;
				SWIFT_OPTIMIZATION_LEVEL = "-Onone";
			};
			name = Debug;
		};
		B75D28722B290BDB0066A748 /* Release */ = {
			isa = XCBuildConfiguration;
			buildSettings = {
				ALWAYS_SEARCH_USER_PATHS = NO;
				CLANG_ANALYZER_NONNULL = YES;
				CLANG_ANALYZER_NUMBER_OBJECT_CONVERSION = YES_AGGRESSIVE;
				CLANG_CXX_LANGUAGE_STANDARD = "gnu++20";
				CLANG_ENABLE_MODULES = YES;
				CLANG_ENABLE_OBJC_ARC = YES;
				CLANG_ENABLE_OBJC_WEAK = YES;
				CLANG_WARN_BLOCK_CAPTURE_AUTORELEASING = YES;
				CLANG_WARN_BOOL_CONVERSION = YES;
				CLANG_WARN_COMMA = YES;
				CLANG_WARN_CONSTANT_CONVERSION = YES;
				CLANG_WARN_DEPRECATED_OBJC_IMPLEMENTATIONS = YES;
				CLANG_WARN_DIRECT_OBJC_ISA_USAGE = YES_ERROR;
				CLANG_WARN_DOCUMENTATION_COMMENTS = YES;
				CLANG_WARN_EMPTY_BODY = YES;
				CLANG_WARN_ENUM_CONVERSION = YES;
				CLANG_WARN_INFINITE_RECURSION = YES;
				CLANG_WARN_INT_CONVERSION = YES;
				CLANG_WARN_NON_LITERAL_NULL_CONVERSION = YES;
				CLANG_WARN_OBJC_IMPLICIT_RETAIN_SELF = YES;
				CLANG_WARN_OBJC_LITERAL_CONVERSION = YES;
				CLANG_WARN_OBJC_ROOT_CLASS = YES_ERROR;
				CLANG_WARN_QUOTED_INCLUDE_IN_FRAMEWORK_HEADER = YES;
				CLANG_WARN_RANGE_LOOP_ANALYSIS = YES;
				CLANG_WARN_STRICT_PROTOTYPES = YES;
				CLANG_WARN_SUSPICIOUS_MOVE = YES;
				CLANG_WARN_UNGUARDED_AVAILABILITY = YES_AGGRESSIVE;
				CLANG_WARN_UNREACHABLE_CODE = YES;
				CLANG_WARN__DUPLICATE_METHOD_MATCH = YES;
				COPY_PHASE_STRIP = NO;
				DEBUG_INFORMATION_FORMAT = "dwarf-with-dsym";
				ENABLE_NS_ASSERTIONS = NO;
				ENABLE_STRICT_OBJC_MSGSEND = YES;
				GCC_C_LANGUAGE_STANDARD = gnu11;
				GCC_NO_COMMON_BLOCKS = YES;
				GCC_WARN_64_TO_32_BIT_CONVERSION = YES;
				GCC_WARN_ABOUT_RETURN_TYPE = YES_ERROR;
				GCC_WARN_UNDECLARED_SELECTOR = YES;
				GCC_WARN_UNINITIALIZED_AUTOS = YES_AGGRESSIVE;
				GCC_WARN_UNUSED_FUNCTION = YES;
				GCC_WARN_UNUSED_VARIABLE = YES;
				IPHONEOS_DEPLOYMENT_TARGET = 16.4;
				MTL_ENABLE_DEBUG_INFO = NO;
				MTL_FAST_MATH = YES;
				SDKROOT = iphoneos;
				SWIFT_COMPILATION_MODE = wholemodule;
				SWIFT_OPTIMIZATION_LEVEL = "-O";
				VALIDATE_PRODUCT = YES;
			};
			name = Release;
		};
		B75D28742B290BDB0066A748 /* Debug */ = {
			isa = XCBuildConfiguration;
			buildSettings = {
				ASSETCATALOG_COMPILER_APPICON_NAME = AppIcon;
				ASSETCATALOG_COMPILER_GLOBAL_ACCENT_COLOR_NAME = AccentColor;
				CODE_SIGN_ENTITLEMENTS = FitnessApp/FitnessApp.entitlements;
				CODE_SIGN_STYLE = Automatic;
				CURRENT_PROJECT_VERSION = 1;
				DEVELOPMENT_ASSET_PATHS = "\"FitnessApp/Preview Content\"";
				DEVELOPMENT_TEAM = G3TAUK3F78;
				ENABLE_PREVIEWS = YES;
				GENERATE_INFOPLIST_FILE = YES;
				INFOPLIST_KEY_UIApplicationSceneManifest_Generation = YES;
				INFOPLIST_KEY_UIApplicationSupportsIndirectInputEvents = YES;
				INFOPLIST_KEY_UILaunchScreen_Generation = YES;
				INFOPLIST_KEY_UISupportedInterfaceOrientations_iPad = "UIInterfaceOrientationPortrait UIInterfaceOrientationPortraitUpsideDown UIInterfaceOrientationLandscapeLeft UIInterfaceOrientationLandscapeRight";
				INFOPLIST_KEY_UISupportedInterfaceOrientations_iPhone = "UIInterfaceOrientationPortrait UIInterfaceOrientationLandscapeLeft UIInterfaceOrientationLandscapeRight";
				LD_RUNPATH_SEARCH_PATHS = (
					"$(inherited)",
					"@executable_path/Frameworks",
				);
				MARKETING_VERSION = 1.0;
				PRODUCT_BUNDLE_IDENTIFIER = MyCompany.FitnessApp;
				PRODUCT_NAME = "$(TARGET_NAME)";
				SWIFT_EMIT_LOC_STRINGS = YES;
				SWIFT_VERSION = 5.0;
				TARGETED_DEVICE_FAMILY = "1,2";
			};
			name = Debug;
		};
		B75D28752B290BDB0066A748 /* Release */ = {
			isa = XCBuildConfiguration;
			buildSettings = {
				ASSETCATALOG_COMPILER_APPICON_NAME = AppIcon;
				ASSETCATALOG_COMPILER_GLOBAL_ACCENT_COLOR_NAME = AccentColor;
				CODE_SIGN_ENTITLEMENTS = FitnessApp/FitnessApp.entitlements;
				CODE_SIGN_STYLE = Automatic;
				CURRENT_PROJECT_VERSION = 1;
				DEVELOPMENT_ASSET_PATHS = "\"FitnessApp/Preview Content\"";
				DEVELOPMENT_TEAM = G3TAUK3F78;
				ENABLE_PREVIEWS = YES;
				GENERATE_INFOPLIST_FILE = YES;
				INFOPLIST_KEY_UIApplicationSceneManifest_Generation = YES;
				INFOPLIST_KEY_UIApplicationSupportsIndirectInputEvents = YES;
				INFOPLIST_KEY_UILaunchScreen_Generation = YES;
				INFOPLIST_KEY_UISupportedInterfaceOrientations_iPad = "UIInterfaceOrientationPortrait UIInterfaceOrientationPortraitUpsideDown UIInterfaceOrientationLandscapeLeft UIInterfaceOrientationLandscapeRight";
				INFOPLIST_KEY_UISupportedInterfaceOrientations_iPhone = "UIInterfaceOrientationPortrait UIInterfaceOrientationLandscapeLeft UIInterfaceOrientationLandscapeRight";
				LD_RUNPATH_SEARCH_PATHS = (
					"$(inherited)",
					"@executable_path/Frameworks",
				);
				MARKETING_VERSION = 1.0;
				PRODUCT_BUNDLE_IDENTIFIER = MyCompany.FitnessApp;
				PRODUCT_NAME = "$(TARGET_NAME)";
				SWIFT_EMIT_LOC_STRINGS = YES;
				SWIFT_VERSION = 5.0;
				TARGETED_DEVICE_FAMILY = "1,2";
			};
			name = Release;
		};
/* End XCBuildConfiguration section */

/* Begin XCConfigurationList section */
		B75D28602B290BD90066A748 /* Build configuration list for PBXProject "FitnessApp" */ = {
			isa = XCConfigurationList;
			buildConfigurations = (
				B75D28712B290BDB0066A748 /* Debug */,
				B75D28722B290BDB0066A748 /* Release */,
			);
			defaultConfigurationIsVisible = 0;
			defaultConfigurationName = Release;
		};
		B75D28732B290BDB0066A748 /* Build configuration list for PBXNativeTarget "FitnessApp" */ = {
			isa = XCConfigurationList;
			buildConfigurations = (
				B75D28742B290BDB0066A748 /* Debug */,
				B75D28752B290BDB0066A748 /* Release */,
			);
			defaultConfigurationIsVisible = 0;
			defaultConfigurationName = Release;
		};
/* End XCConfigurationList section */

/* Begin XCRemoteSwiftPackageReference section */
		B75330C52B439E5400936632 /* XCRemoteSwiftPackageReference "ChartView" */ = {
			isa = XCRemoteSwiftPackageReference;
			repositoryURL = "https://github.com/AppPear/ChartView";
			requirement = {
				kind = upToNextMajorVersion;
				minimumVersion = 1.0.0;
			};
		};
		B75330D22B51F3CA00936632 /* XCRemoteSwiftPackageReference "url-image" */ = {
			isa = XCRemoteSwiftPackageReference;
			repositoryURL = "https://github.com/dmytro-anokhin/url-image";
			requirement = {
				kind = upToNextMajorVersion;
				minimumVersion = 3.0.0;
			};
		};
/* End XCRemoteSwiftPackageReference section */

/* Begin XCSwiftPackageProductDependency section */
		B75330C62B439E5400936632 /* SwiftUICharts */ = {
			isa = XCSwiftPackageProductDependency;
			package = B75330C52B439E5400936632 /* XCRemoteSwiftPackageReference "ChartView" */;
			productName = SwiftUICharts;
		};
		B75330D32B51F3CA00936632 /* URLImage */ = {
			isa = XCSwiftPackageProductDependency;
			package = B75330D22B51F3CA00936632 /* XCRemoteSwiftPackageReference "url-image" */;
			productName = URLImage;
		};
		B75330D52B51F3CA00936632 /* URLImageStore */ = {
			isa = XCSwiftPackageProductDependency;
			package = B75330D22B51F3CA00936632 /* XCRemoteSwiftPackageReference "url-image" */;
			productName = URLImageStore;
		};
/* End XCSwiftPackageProductDependency section */
	};
	rootObject = B75D285D2B290BD90066A748 /* Project object */;
}
